
Microsoft Visual Studio Solution File, Format Version 12.00
# Visual Studio Version 17
VisualStudioVersion = 17.13.35806.99 d17.13
MinimumVisualStudioVersion = 10.0.40219.1
Project("{FAE04EC0-301F-11D3-BF4B-00C04F79EFBC}") = "DesktopApp", "DesktopApp\DesktopApp.csproj", "{0961EB97-48F6-41D2-91CF-7ECBCDCEE332}"
EndProject
Global
	GlobalSection(SolutionConfigurationPlatforms) = preSolution
		Debug|Any CPU = Debug|Any CPU
		Release|Any CPU = Release|Any CPU
	EndGlobalSection
	GlobalSection(ProjectConfigurationPlatforms) = postSolution
		{0961EB97-48F6-41D2-91CF-7ECBCDCEE332}.Debug|Any CPU.ActiveCfg = Debug|Any CPU
		{0961EB97-48F6-41D2-91CF-7ECBCDCEE332}.Debug|Any CPU.Build.0 = Debug|Any CPU
		{0961EB97-48F6-41D2-91CF-7ECBCDCEE332}.Release|Any CPU.ActiveCfg = Release|Any CPU
		{0961EB97-48F6-41D2-91CF-7ECBCDCEE332}.Release|Any CPU.Build.0 = Release|Any CPU
	EndGlobalSection
	GlobalSection(SolutionProperties) = preSolution
		HideSolutionNode = FALSE
	EndGlobalSection
	GlobalSection(ExtensibilityGlobals) = postSolution
		SolutionGuid = {3102AB99-F609-4EB5-A0BE-B3B194F43998}
	EndGlobalSection
EndGlobal
